<?xml version="1.0" encoding="utf-8"?>
<Project ToolsVersion="4.0" xmlns="http://schemas.microsoft.com/developer/msbuild/2003">
  <ItemGroup>
    <ClCompile Include="OpenGL Template.cpp" />
    <ClCompile Include="Core\Dependencies\imgui\imgui.cpp">
      <Filter>Dependencies\Imgui</Filter>
    </ClCompile>
    <ClCompile Include="Core\Dependencies\imgui\imgui_demo.cpp">
      <Filter>Dependencies\Imgui</Filter>
    </ClCompile>
    <ClCompile Include="Core\Dependencies\imgui\imgui_draw.cpp">
      <Filter>Dependencies\Imgui</Filter>
    </ClCompile>
    <ClCompile Include="Core\Dependencies\imgui\imgui_impl_glfw_gl3.cpp">
      <Filter>Dependencies\Imgui</Filter>
    </ClCompile>
    <ClCompile Include="Core\Dependencies\imgui\main.cpp">
      <Filter>Dependencies\Imgui</Filter>
    </ClCompile>
    <ClCompile Include="Core\OpenGL Classes\stb_image.cpp">
      <Filter>Dependencies\Imgui</Filter>
    </ClCompile>
    <ClCompile Include="Core\OpenGL Classes\Fps.cpp">
      <Filter>Abstract OpenGL\FPS</Filter>
    </ClCompile>
    <ClCompile Include="Core\OpenGL Classes\IndexBuffer.cpp">
      <Filter>Abstract OpenGL\Index Buffer</Filter>
    </ClCompile>
    <ClCompile Include="Core\OpenGL Classes\Shader.cpp">
      <Filter>Abstract OpenGL\Shader</Filter>
    </ClCompile>
    <ClCompile Include="Core\OpenGL Classes\Texture.cpp">
      <Filter>Abstract OpenGL\Texturing</Filter>
    </ClCompile>
    <ClCompile Include="Core\OpenGL Classes\VertexArray.cpp">
      <Filter>Abstract OpenGL\Vertex Array</Filter>
    </ClCompile>
    <ClCompile Include="Core\OpenGL Classes\VertexBuffer.cpp">
      <Filter>Abstract OpenGL\Vertex Buffer</Filter>
    </ClCompile>
    <ClCompile Include="Core\CubeRenderer.cpp">
      <Filter>Internal</Filter>
    </ClCompile>
    <ClCompile Include="Core\Camera.cpp">
      <Filter>Internal</Filter>
    </ClCompile>
    <ClCompile Include="Core\FpsCamera.cpp">
      <Filter>Internal</Filter>
    </ClCompile>
    <ClCompile Include="Core\Block.cpp">
      <Filter>Internal\Block</Filter>
    </ClCompile>
    <ClCompile Include="Core\Chunk.cpp">
      <Filter>Internal\Chunk</Filter>
    </ClCompile>
    <ClCompile Include="Core\ChunkMesh.cpp">
      <Filter>Internal\Chunk</Filter>
    </ClCompile>
    <ClCompile Include="Core\World\World.cpp">
      <Filter>Internal\World</Filter>
    </ClCompile>
    <ClCompile Include="Core\Utils\Math.cpp">
      <Filter>Internal\Utils</Filter>
    </ClCompile>
    <ClCompile Include="Core\Renderer\Renderer.cpp">
      <Filter>Internal\Rendering</Filter>
    </ClCompile>
    <ClCompile Include="Core\OpenGL Classes\GLDebug.cpp">
      <Filter>Abstract OpenGL</Filter>
    </ClCompile>
    <ClCompile Include="Core\Player\Player.cpp">
      <Filter>Internal\Player</Filter>
    </ClCompile>
    <ClCompile Include="Core\Application\Application.cpp">
      <Filter>Internal\Application</Filter>
    </ClCompile>
    <ClCompile Include="Core\Application\Events.cpp">
      <Filter>Internal\Application</Filter>
    </ClCompile>
  </ItemGroup>
  <ItemGroup>
    <ClInclude Include="Core\Dependencies\imgui\stb_truetype.h">
      <Filter>Dependencies\Imgui</Filter>
    </ClInclude>
    <ClInclude Include="Core\Dependencies\imgui\imconfig.h">
      <Filter>Dependencies\Imgui</Filter>
    </ClInclude>
    <ClInclude Include="Core\Dependencies\imgui\imgui.h">
      <Filter>Dependencies\Imgui</Filter>
    </ClInclude>
    <ClInclude Include="Core\Dependencies\imgui\imgui_impl_glfw_gl3.h">
      <Filter>Dependencies\Imgui</Filter>
    </ClInclude>
    <ClInclude Include="Core\Dependencies\imgui\imgui_internal.h">
      <Filter>Dependencies\Imgui</Filter>
    </ClInclude>
    <ClInclude Include="Core\OpenGL Classes\stb_image.h">
      <Filter>Dependencies\Imgui</Filter>
    </ClInclude>
    <ClInclude Include="Core\Dependencies\imgui\stb_rect_pack.h">
      <Filter>Dependencies\Imgui</Filter>
    </ClInclude>
    <ClInclude Include="Core\Dependencies\imgui\stb_textedit.h">
      <Filter>Dependencies\Imgui</Filter>
    </ClInclude>
    <ClInclude Include="Core\OpenGL Classes\Fps.h">
      <Filter>Abstract OpenGL\FPS</Filter>
    </ClInclude>
    <ClInclude Include="Core\OpenGL Classes\IndexBuffer.h">
      <Filter>Abstract OpenGL\Index Buffer</Filter>
    </ClInclude>
    <ClInclude Include="Core\OpenGL Classes\Shader.h">
      <Filter>Abstract OpenGL\Shader</Filter>
    </ClInclude>
    <ClInclude Include="Core\OpenGL Classes\Texture.h">
      <Filter>Abstract OpenGL\Texturing</Filter>
    </ClInclude>
    <ClInclude Include="Core\OpenGL Classes\VertexArray.h">
      <Filter>Abstract OpenGL\Vertex Array</Filter>
    </ClInclude>
    <ClInclude Include="Core\OpenGL Classes\VertexBuffer.h">
      <Filter>Abstract OpenGL\Vertex Buffer</Filter>
    </ClInclude>
    <ClInclude Include="Core\CubeRenderer.h">
      <Filter>Internal</Filter>
    </ClInclude>
    <ClInclude Include="Core\Camera.h">
      <Filter>Internal</Filter>
    </ClInclude>
    <ClInclude Include="Core\FpsCamera.h">
      <Filter>Internal</Filter>
    </ClInclude>
    <ClInclude Include="Core\Block.h">
      <Filter>Internal\Block</Filter>
    </ClInclude>
    <ClInclude Include="Core\Chunk.h">
      <Filter>Internal\Chunk</Filter>
    </ClInclude>
    <ClInclude Include="Core\ChunkMesh.h">
      <Filter>Internal\Chunk</Filter>
    </ClInclude>
    <ClInclude Include="Core\Utils\Defs.h">
      <Filter>Internal\Utils</Filter>
    </ClInclude>
    <ClInclude Include="Core\World\World.h">
      <Filter>Internal\World</Filter>
    </ClInclude>
    <ClInclude Include="Core\Utils\Math.h">
      <Filter>Internal\Utils</Filter>
    </ClInclude>
    <ClInclude Include="Core\Utils\Vertex.h">
      <Filter>Internal\Utils</Filter>
    </ClInclude>
    <ClInclude Include="Core\Renderer\Renderer.h">
      <Filter>Internal\Rendering</Filter>
    </ClInclude>
    <ClInclude Include="Core\OpenGL Classes\GLDebug.h">
      <Filter>Abstract OpenGL</Filter>
    </ClInclude>
    <ClInclude Include="Core\Player\Player.h">
      <Filter>Internal\Player</Filter>
    </ClInclude>
    <ClInclude Include="Core\Application\Application.h">
      <Filter>Internal\Application</Filter>
    </ClInclude>
    <ClInclude Include="Core\Application\Events.h">
      <Filter>Internal\Application</Filter>
    </ClInclude>
    <ClInclude Include="Core\Application\EventStructs.h">
      <Filter>Internal\Application</Filter>
    </ClInclude>
  </ItemGroup>
  <ItemGroup>
    <Image Include="Core\Resources\grass_block.png">
      <Filter>Resources</Filter>
    </Image>
  </ItemGroup>
  <ItemGroup>
    <None Include="Core\Shaders\fragment.glsl">
      <Filter>Shaders</Filter>
    </None>
    <None Include="Core\Shaders\vertex.glsl">
      <Filter>Shaders</Filter>
    </None>
  </ItemGroup>
  <ItemGroup>
    <Filter Include="Dependencies">
      <UniqueIdentifier>{ccd1e0a0-ecbe-4f35-9b5d-958675a1c52f}</UniqueIdentifier>
    </Filter>
    <Filter Include="Abstract OpenGL">
      <UniqueIdentifier>{b6ced12a-7a63-4aa8-9b2d-aafd8ddd0c32}</UniqueIdentifier>
    </Filter>
    <Filter Include="Shaders">
      <UniqueIdentifier>{f8191836-fbd8-4d79-819a-b6a561058afa}</UniqueIdentifier>
    </Filter>
    <Filter Include="Dependencies\Imgui">
      <UniqueIdentifier>{a8561fbb-0a88-489b-b9f2-fb69a0aac2ed}</UniqueIdentifier>
    </Filter>
    <Filter Include="Resources">
      <UniqueIdentifier>{af69efa1-10d3-4bcc-8099-85542c221f8e}</UniqueIdentifier>
    </Filter>
    <Filter Include="Abstract OpenGL\FPS">
      <UniqueIdentifier>{bcfbad3a-d102-46ba-8b20-c9c8099fb90a}</UniqueIdentifier>
    </Filter>
    <Filter Include="Abstract OpenGL\Index Buffer">
      <UniqueIdentifier>{aae92ad1-c247-477a-80a4-5dd66a939fac}</UniqueIdentifier>
    </Filter>
    <Filter Include="Abstract OpenGL\Vertex Buffer">
      <UniqueIdentifier>{e6fff3f6-26ea-4cae-8acb-d6c433df9b81}</UniqueIdentifier>
    </Filter>
    <Filter Include="Abstract OpenGL\Vertex Array">
      <UniqueIdentifier>{3c04947b-208d-445f-98af-53fea2f018ea}</UniqueIdentifier>
    </Filter>
    <Filter Include="Abstract OpenGL\Texturing">
      <UniqueIdentifier>{a605ec37-6fb4-4369-aa60-e87e9a286417}</UniqueIdentifier>
    </Filter>
    <Filter Include="Abstract OpenGL\Shader">
      <UniqueIdentifier>{7ddfb443-2f34-4080-8310-0e48373ee1cf}</UniqueIdentifier>
    </Filter>
    <Filter Include="Internal">
      <UniqueIdentifier>{0b8f253f-73e4-44c1-a840-8b5e5905774c}</UniqueIdentifier>
    </Filter>
    <Filter Include="Internal\Block">
      <UniqueIdentifier>{539441b8-cb3a-47fa-b810-104a12cf1091}</UniqueIdentifier>
    </Filter>
    <Filter Include="Internal\Chunk">
      <UniqueIdentifier>{f63d2a17-9615-4960-8fc0-6b6e83ec71f0}</UniqueIdentifier>
    </Filter>
    <Filter Include="Internal\Rendering">
      <UniqueIdentifier>{3ffab1c5-ab31-4678-aae2-e73a22397650}</UniqueIdentifier>
    </Filter>
    <Filter Include="Internal\World">
      <UniqueIdentifier>{235eebda-c213-44ae-ab0b-ceda491018dc}</UniqueIdentifier>
    </Filter>
    <Filter Include="Internal\Utils">
      <UniqueIdentifier>{21e7ff03-94c0-4836-9070-73c92bcbae57}</UniqueIdentifier>
    </Filter>
    <Filter Include="Internal\Player">
      <UniqueIdentifier>{07e18ff2-e23f-497e-b545-e74041d5ca14}</UniqueIdentifier>
    </Filter>
    <Filter Include="Internal\Application">
      <UniqueIdentifier>{3e73c252-ec64-4600-af77-57acbeeb5b04}</UniqueIdentifier>
    </Filter>
  </ItemGroup>
</Project>