<?xml version="1.0" encoding="utf-8"?>
<Project ToolsVersion="4.0" xmlns="http://schemas.microsoft.com/developer/msbuild/2003">
  <ItemGroup>
    <ClCompile Include="Core\OpenGL Classes\Fps.cpp">
      <Filter>Abstract OpenGL\FPS</Filter>
    </ClCompile>
    <ClCompile Include="Core\OpenGL Classes\IndexBuffer.cpp">
      <Filter>Abstract OpenGL\Index Buffer</Filter>
    </ClCompile>
    <ClCompile Include="Core\OpenGL Classes\Shader.cpp">
      <Filter>Abstract OpenGL\Shader</Filter>
    </ClCompile>
    <ClCompile Include="Core\OpenGL Classes\Texture.cpp">
      <Filter>Abstract OpenGL\Texturing</Filter>
    </ClCompile>
    <ClCompile Include="Core\OpenGL Classes\VertexArray.cpp">
      <Filter>Abstract OpenGL\Vertex Array</Filter>
    </ClCompile>
    <ClCompile Include="Core\OpenGL Classes\VertexBuffer.cpp">
      <Filter>Abstract OpenGL\Vertex Buffer</Filter>
    </ClCompile>
    <ClCompile Include="Core\CubeRenderer.cpp">
      <Filter>Minecraft</Filter>
    </ClCompile>
    <ClCompile Include="Core\Camera.cpp">
      <Filter>Minecraft</Filter>
    </ClCompile>
    <ClCompile Include="Core\FpsCamera.cpp">
      <Filter>Minecraft</Filter>
    </ClCompile>
    <ClCompile Include="Core\Block.cpp">
      <Filter>Minecraft\Block</Filter>
    </ClCompile>
    <ClCompile Include="Core\Chunk.cpp">
      <Filter>Minecraft\Chunk</Filter>
    </ClCompile>
    <ClCompile Include="Core\ChunkMesh.cpp">
      <Filter>Minecraft\Chunk</Filter>
    </ClCompile>
    <ClCompile Include="Core\World\World.cpp">
      <Filter>Minecraft\World</Filter>
    </ClCompile>
    <ClCompile Include="Core\Renderer\Renderer.cpp">
      <Filter>Minecraft\Rendering</Filter>
    </ClCompile>
    <ClCompile Include="Core\OpenGL Classes\GLDebug.cpp">
      <Filter>Abstract OpenGL</Filter>
    </ClCompile>
    <ClCompile Include="Core\Player\Player.cpp">
      <Filter>Minecraft\Player</Filter>
    </ClCompile>
    <ClCompile Include="Core\Application\Application.cpp">
      <Filter>Minecraft\Application</Filter>
    </ClCompile>
    <ClCompile Include="Core\Application\Events.cpp">
      <Filter>Minecraft\Application</Filter>
    </ClCompile>
    <ClCompile Include="Core\BlockTextureManager.cpp">
      <Filter>Minecraft\Block</Filter>
    </ClCompile>
    <ClCompile Include="Core\TextureAtlas.cpp">
      <Filter>Minecraft</Filter>
    </ClCompile>
    <ClCompile Include="Core\World\WorldGenerator.cpp">
      <Filter>Minecraft\World</Filter>
    </ClCompile>
    <ClCompile Include="Core\Utils\Logger.cpp">
      <Filter>Minecraft\Utils</Filter>
    </ClCompile>
    <ClCompile Include="Core\Noise\FastNoise.cpp">
      <Filter>Minecraft\Simplex Noise</Filter>
    </ClCompile>
    <ClCompile Include="Core\World\Structures\WorldStructures.cpp">
      <Filter>Minecraft\World\Structures</Filter>
    </ClCompile>
    <ClCompile Include="Core\OpenGL Classes\CubeTextureMap.cpp">
      <Filter>Abstract OpenGL\Texturing</Filter>
    </ClCompile>
    <ClCompile Include="Core\World\Skybox.cpp">
      <Filter>Minecraft\Skybox</Filter>
    </ClCompile>
    <ClCompile Include="Core\Renderer\Renderer2D.cpp">
      <Filter>Minecraft\Rendering</Filter>
    </ClCompile>
    <ClCompile Include="Core\OrthographicCamera.cpp">
      <Filter>Minecraft</Filter>
    </ClCompile>
    <ClCompile Include="Core\Utils\Physics.cpp">
      <Filter>Minecraft\Utils</Filter>
    </ClCompile>
    <ClCompile Include="Core\ChunkFileHandler.cpp">
      <Filter>Minecraft\Chunk</Filter>
    </ClCompile>
    <ClCompile Include="Core\Maths\Frustum.cpp">
      <Filter>Minecraft\Math\Frustum Culling</Filter>
    </ClCompile>
    <ClCompile Include="Core\Maths\Plane.cpp">
      <Filter>Minecraft\Math\Frustum Culling</Filter>
    </ClCompile>
    <ClCompile Include="Core\Utils\Raycast.cpp">
      <Filter>Minecraft\Utils</Filter>
    </ClCompile>
    <ClCompile Include="Core\Physics\AABB.cpp">
      <Filter>Minecraft\Physics</Filter>
    </ClCompile>
    <ClCompile Include="Minecraft.cpp" />
    <ClCompile Include="Core\Clouds\Cloud.cpp">
      <Filter>Minecraft\Clouds</Filter>
    </ClCompile>
    <ClCompile Include="Core\Clouds\CloudGenerator.cpp">
      <Filter>Minecraft\Clouds</Filter>
    </ClCompile>
    <ClCompile Include="Core\OpenGL Classes\stb_image.cpp">
      <Filter>Abstract OpenGL\Texturing\stb_image</Filter>
    </ClCompile>
  </ItemGroup>
  <ItemGroup>
    <ClInclude Include="Core\OpenGL Classes\Fps.h">
      <Filter>Abstract OpenGL\FPS</Filter>
    </ClInclude>
    <ClInclude Include="Core\OpenGL Classes\IndexBuffer.h">
      <Filter>Abstract OpenGL\Index Buffer</Filter>
    </ClInclude>
    <ClInclude Include="Core\OpenGL Classes\Shader.h">
      <Filter>Abstract OpenGL\Shader</Filter>
    </ClInclude>
    <ClInclude Include="Core\OpenGL Classes\Texture.h">
      <Filter>Abstract OpenGL\Texturing</Filter>
    </ClInclude>
    <ClInclude Include="Core\OpenGL Classes\VertexArray.h">
      <Filter>Abstract OpenGL\Vertex Array</Filter>
    </ClInclude>
    <ClInclude Include="Core\OpenGL Classes\VertexBuffer.h">
      <Filter>Abstract OpenGL\Vertex Buffer</Filter>
    </ClInclude>
    <ClInclude Include="Core\CubeRenderer.h">
      <Filter>Minecraft</Filter>
    </ClInclude>
    <ClInclude Include="Core\Camera.h">
      <Filter>Minecraft</Filter>
    </ClInclude>
    <ClInclude Include="Core\FpsCamera.h">
      <Filter>Minecraft</Filter>
    </ClInclude>
    <ClInclude Include="Core\Block.h">
      <Filter>Minecraft\Block</Filter>
    </ClInclude>
    <ClInclude Include="Core\Chunk.h">
      <Filter>Minecraft\Chunk</Filter>
    </ClInclude>
    <ClInclude Include="Core\ChunkMesh.h">
      <Filter>Minecraft\Chunk</Filter>
    </ClInclude>
    <ClInclude Include="Core\Utils\Defs.h">
      <Filter>Minecraft\Utils</Filter>
    </ClInclude>
    <ClInclude Include="Core\World\World.h">
      <Filter>Minecraft\World</Filter>
    </ClInclude>
    <ClInclude Include="Core\Utils\Vertex.h">
      <Filter>Minecraft\Utils</Filter>
    </ClInclude>
    <ClInclude Include="Core\Renderer\Renderer.h">
      <Filter>Minecraft\Rendering</Filter>
    </ClInclude>
    <ClInclude Include="Core\OpenGL Classes\GLDebug.h">
      <Filter>Abstract OpenGL</Filter>
    </ClInclude>
    <ClInclude Include="Core\Player\Player.h">
      <Filter>Minecraft\Player</Filter>
    </ClInclude>
    <ClInclude Include="Core\Application\Application.h">
      <Filter>Minecraft\Application</Filter>
    </ClInclude>
    <ClInclude Include="Core\Application\Events.h">
      <Filter>Minecraft\Application</Filter>
    </ClInclude>
    <ClInclude Include="Core\Application\EventStructs.h">
      <Filter>Minecraft\Application</Filter>
    </ClInclude>
    <ClInclude Include="Core\BlockTextureManager.h">
      <Filter>Minecraft\Block</Filter>
    </ClInclude>
    <ClInclude Include="Core\TextureAtlas.h">
      <Filter>Minecraft</Filter>
    </ClInclude>
    <ClInclude Include="Core\World\WorldGenerator.h">
      <Filter>Minecraft\World</Filter>
    </ClInclude>
    <ClInclude Include="Core\Utils\Logger.h">
      <Filter>Minecraft\Utils</Filter>
    </ClInclude>
    <ClInclude Include="Core\Utils\Timer.h">
      <Filter>Minecraft\Utils</Filter>
    </ClInclude>
    <ClInclude Include="Core\Noise\FastNoise.h">
      <Filter>Minecraft\Simplex Noise</Filter>
    </ClInclude>
    <ClInclude Include="Core\Utils\Random.h">
      <Filter>Minecraft\Utils</Filter>
    </ClInclude>
    <ClInclude Include="Core\World\Structures\WorldStructures.h">
      <Filter>Minecraft\World\Structures</Filter>
    </ClInclude>
    <ClInclude Include="Core\OpenGL Classes\CubeTextureMap.h">
      <Filter>Abstract OpenGL\Texturing</Filter>
    </ClInclude>
    <ClInclude Include="Core\World\Skybox.h">
      <Filter>Minecraft\Skybox</Filter>
    </ClInclude>
    <ClInclude Include="Core\Renderer\Renderer2D.h">
      <Filter>Minecraft\Rendering</Filter>
    </ClInclude>
    <ClInclude Include="Core\OrthographicCamera.h">
      <Filter>Minecraft</Filter>
    </ClInclude>
    <ClInclude Include="Core\Utils\Physics.h">
      <Filter>Minecraft\Utils</Filter>
    </ClInclude>
    <ClInclude Include="Core\ChunkFileHandler.h">
      <Filter>Minecraft\Chunk</Filter>
    </ClInclude>
    <ClInclude Include="Core\Utils\Raycast.h">
      <Filter>Minecraft\Utils</Filter>
    </ClInclude>
    <ClInclude Include="Core\Maths\Plane.h">
      <Filter>Minecraft\Math\Frustum Culling</Filter>
    </ClInclude>
    <ClInclude Include="Core\Maths\Frustum.h">
      <Filter>Minecraft\Math\Frustum Culling</Filter>
    </ClInclude>
    <ClInclude Include="Core\Physics\AABB.h">
      <Filter>Minecraft\Physics</Filter>
    </ClInclude>
    <ClInclude Include="Core\Clouds\Cloud.h">
      <Filter>Minecraft\Clouds</Filter>
    </ClInclude>
    <ClInclude Include="Core\Clouds\CloudGenerator.h">
      <Filter>Minecraft\Clouds</Filter>
    </ClInclude>
    <ClInclude Include="Core\Utils\Enums.h">
      <Filter>Minecraft\Utils</Filter>
    </ClInclude>
    <ClInclude Include="Core\OpenGL Classes\stb_image.h">
      <Filter>Abstract OpenGL\Texturing\stb_image</Filter>
    </ClInclude>
  </ItemGroup>
  <ItemGroup>
    <Filter Include="Dependencies">
      <UniqueIdentifier>{ccd1e0a0-ecbe-4f35-9b5d-958675a1c52f}</UniqueIdentifier>
    </Filter>
    <Filter Include="Abstract OpenGL">
      <UniqueIdentifier>{b6ced12a-7a63-4aa8-9b2d-aafd8ddd0c32}</UniqueIdentifier>
    </Filter>
    <Filter Include="Shaders">
      <UniqueIdentifier>{f8191836-fbd8-4d79-819a-b6a561058afa}</UniqueIdentifier>
    </Filter>
    <Filter Include="Resources">
      <UniqueIdentifier>{af69efa1-10d3-4bcc-8099-85542c221f8e}</UniqueIdentifier>
    </Filter>
    <Filter Include="Abstract OpenGL\FPS">
      <UniqueIdentifier>{bcfbad3a-d102-46ba-8b20-c9c8099fb90a}</UniqueIdentifier>
    </Filter>
    <Filter Include="Abstract OpenGL\Index Buffer">
      <UniqueIdentifier>{aae92ad1-c247-477a-80a4-5dd66a939fac}</UniqueIdentifier>
    </Filter>
    <Filter Include="Abstract OpenGL\Vertex Buffer">
      <UniqueIdentifier>{e6fff3f6-26ea-4cae-8acb-d6c433df9b81}</UniqueIdentifier>
    </Filter>
    <Filter Include="Abstract OpenGL\Vertex Array">
      <UniqueIdentifier>{3c04947b-208d-445f-98af-53fea2f018ea}</UniqueIdentifier>
    </Filter>
    <Filter Include="Abstract OpenGL\Texturing">
      <UniqueIdentifier>{a605ec37-6fb4-4369-aa60-e87e9a286417}</UniqueIdentifier>
    </Filter>
    <Filter Include="Abstract OpenGL\Shader">
      <UniqueIdentifier>{7ddfb443-2f34-4080-8310-0e48373ee1cf}</UniqueIdentifier>
    </Filter>
    <Filter Include="Minecraft">
      <UniqueIdentifier>{0b8f253f-73e4-44c1-a840-8b5e5905774c}</UniqueIdentifier>
    </Filter>
    <Filter Include="Minecraft\Block">
      <UniqueIdentifier>{539441b8-cb3a-47fa-b810-104a12cf1091}</UniqueIdentifier>
    </Filter>
    <Filter Include="Minecraft\Chunk">
      <UniqueIdentifier>{f63d2a17-9615-4960-8fc0-6b6e83ec71f0}</UniqueIdentifier>
    </Filter>
    <Filter Include="Minecraft\Rendering">
      <UniqueIdentifier>{3ffab1c5-ab31-4678-aae2-e73a22397650}</UniqueIdentifier>
    </Filter>
    <Filter Include="Minecraft\World">
      <UniqueIdentifier>{235eebda-c213-44ae-ab0b-ceda491018dc}</UniqueIdentifier>
    </Filter>
    <Filter Include="Minecraft\World\Structures">
      <UniqueIdentifier>{e79fa21c-b3ea-4d8e-883e-fda50bda6a49}</UniqueIdentifier>
    </Filter>
    <Filter Include="Minecraft\Utils">
      <UniqueIdentifier>{21e7ff03-94c0-4836-9070-73c92bcbae57}</UniqueIdentifier>
    </Filter>
    <Filter Include="Minecraft\Player">
      <UniqueIdentifier>{07e18ff2-e23f-497e-b545-e74041d5ca14}</UniqueIdentifier>
    </Filter>
    <Filter Include="Minecraft\Application">
      <UniqueIdentifier>{3e73c252-ec64-4600-af77-57acbeeb5b04}</UniqueIdentifier>
    </Filter>
    <Filter Include="Minecraft\Skybox">
      <UniqueIdentifier>{65474e96-753d-4358-9f25-642d54d4bd3c}</UniqueIdentifier>
    </Filter>
    <Filter Include="Minecraft\Physics">
      <UniqueIdentifier>{a37e5093-e52b-4953-8458-6a5d0f6ae54a}</UniqueIdentifier>
    </Filter>
    <Filter Include="Minecraft\Math">
      <UniqueIdentifier>{e9806a0b-d67c-4859-a06b-24ff5602385b}</UniqueIdentifier>
    </Filter>
    <Filter Include="Minecraft\Math\Frustum Culling">
      <UniqueIdentifier>{3e20a2c4-ffc8-4bbe-87d3-1f604c87f735}</UniqueIdentifier>
    </Filter>
    <Filter Include="Minecraft\Simplex Noise">
      <UniqueIdentifier>{568f3f65-7797-48f9-9c06-5464507871dd}</UniqueIdentifier>
    </Filter>
    <Filter Include="Minecraft\Gameplay">
      <UniqueIdentifier>{05e3cda0-424a-47c9-8b36-3e60a9932cb0}</UniqueIdentifier>
    </Filter>
    <Filter Include="Minecraft\Clouds">
      <UniqueIdentifier>{5db0b6e5-9576-4633-bd15-9a41793390f2}</UniqueIdentifier>
    </Filter>
    <Filter Include="Dependencies\Imgui">
      <UniqueIdentifier>{16c3fee6-7dc3-4a4a-9cd5-0d706ae97834}</UniqueIdentifier>
    </Filter>
    <Filter Include="Abstract OpenGL\Texturing\stb_image">
      <UniqueIdentifier>{a41eb0ef-7a9a-4fde-804e-17290c3d80a8}</UniqueIdentifier>
    </Filter>
  </ItemGroup>
  <ItemGroup>
    <None Include="Shaders\BlockRendererFrag.glsl">
      <Filter>Shaders</Filter>
    </None>
    <None Include="Shaders\BlockRendererVertex.glsl">
      <Filter>Shaders</Filter>
    </None>
    <None Include="Shaders\SkyboxFrag.glsl">
      <Filter>Shaders</Filter>
    </None>
    <None Include="Shaders\SkyboxVertex.glsl">
      <Filter>Shaders</Filter>
    </None>
    <None Include="Shaders\2DElementShaderFrag.glsl">
      <Filter>Shaders</Filter>
    </None>
    <None Include="Shaders\2DElementShaderVert.glsl">
      <Filter>Shaders</Filter>
    </None>
    <None Include="Shaders\CubeRendererFrag.glsl">
      <Filter>Shaders</Filter>
    </None>
    <None Include="Shaders\CubeRendererVert.glsl">
      <Filter>Shaders</Filter>
    </None>
    <None Include="Shaders\CloudShaderFrag.glsl">
      <Filter>Shaders</Filter>
    </None>
    <None Include="Shaders\CloudShaderVert.glsl">
      <Filter>Shaders</Filter>
    </None>
  </ItemGroup>
  <ItemGroup>
    <Image Include="Resources\block_atlas.png">
      <Filter>Resources</Filter>
    </Image>
  </ItemGroup>
</Project>